schema: '2.0'
stages:
  load_data:
    cmd: python src/load_data.py --config=params.yaml
    deps:
    - path: data_given/winequality.csv
      md5: 2daeecee174368f8a33b82c8cccae3a5
      size: 84199
    - path: src/get_data.py
      md5: 37beb05465f6917e303258358f6f270c
      size: 698
    - path: src/load_data.py
      md5: 88b9451ac6addfca7bf27fecda54d34a
      size: 687
    outs:
    - path: data/raw/winequality.csv
      md5: 9f009075028c09600321e67050811e1b
      size: 85821
  split_data:
    cmd: python src/split_data.py --config=params.yaml
    deps:
    - path: data/raw/winequality.csv
      md5: 9f009075028c09600321e67050811e1b
      size: 85821
    - path: src/split_data.py
      md5: d0b79a27bd3db7325015bcec9ce3f589
      size: 1099
    outs:
    - path: data/processed/test_winequality.csv
      md5: 34195b5a523622c531e51db5ca76bd7e
      size: 17274
    - path: data/processed/train_winequality.csv
      md5: dc8e74412b623be51630d51920a2c15a
      size: 68740
